
Microsoft Visual Studio Solution File, Format Version 12.00
# Visual Studio Version 17
VisualStudioVersion = 17.0.31611.283
MinimumVisualStudioVersion = 10.0.40219.1
Project("{9A19103F-16F7-4668-BE54-9A1E7A4F7556}") = "MAUtour", "MAUtour\MAUtour.csproj", "{F143F1FC-23F7-4868-9687-2C2E67C9586C}"
	ProjectSection(ProjectDependencies) = postProject
		{B7246533-EAAB-4F35-B5A8-182AE0C895C9} = {B7246533-EAAB-4F35-B5A8-182AE0C895C9}
	EndProjectSection
EndProject
Project("{9A19103F-16F7-4668-BE54-9A1E7A4F7556}") = "MAUtour.Utils", "MAUtour.Utils\MAUtour.Utils.csproj", "{B7246533-EAAB-4F35-B5A8-182AE0C895C9}"
EndProject
Project("{FAE04EC0-301F-11D3-BF4B-00C04F79EFBC}") = "MAUTour.Web", "MAUTour.Web\MAUTour.Web.csproj", "{B6AF9F10-EA57-4152-B2F8-8F4D3E8E9EF8}"
EndProject
Project("{FAE04EC0-301F-11D3-BF4B-00C04F79EFBC}") = "MAUtour.API", "MAUtour.API\MAUtour.API.csproj", "{0AE5145A-FDF0-4177-86A7-323C37BFF7F4}"
EndProject
Global
	GlobalSection(SolutionConfigurationPlatforms) = preSolution
		Debug|Any CPU = Debug|Any CPU
		Release|Any CPU = Release|Any CPU
	EndGlobalSection
	GlobalSection(ProjectConfigurationPlatforms) = postSolution
		{F143F1FC-23F7-4868-9687-2C2E67C9586C}.Debug|Any CPU.ActiveCfg = Debug|Any CPU
		{F143F1FC-23F7-4868-9687-2C2E67C9586C}.Debug|Any CPU.Build.0 = Debug|Any CPU
		{F143F1FC-23F7-4868-9687-2C2E67C9586C}.Debug|Any CPU.Deploy.0 = Debug|Any CPU
		{F143F1FC-23F7-4868-9687-2C2E67C9586C}.Release|Any CPU.ActiveCfg = Release|Any CPU
		{F143F1FC-23F7-4868-9687-2C2E67C9586C}.Release|Any CPU.Build.0 = Release|Any CPU
		{F143F1FC-23F7-4868-9687-2C2E67C9586C}.Release|Any CPU.Deploy.0 = Release|Any CPU
		{B7246533-EAAB-4F35-B5A8-182AE0C895C9}.Debug|Any CPU.ActiveCfg = Debug|Any CPU
		{B7246533-EAAB-4F35-B5A8-182AE0C895C9}.Debug|Any CPU.Build.0 = Debug|Any CPU
		{B7246533-EAAB-4F35-B5A8-182AE0C895C9}.Release|Any CPU.ActiveCfg = Release|Any CPU
		{B7246533-EAAB-4F35-B5A8-182AE0C895C9}.Release|Any CPU.Build.0 = Release|Any CPU
		{B6AF9F10-EA57-4152-B2F8-8F4D3E8E9EF8}.Debug|Any CPU.ActiveCfg = Debug|Any CPU
		{B6AF9F10-EA57-4152-B2F8-8F4D3E8E9EF8}.Debug|Any CPU.Build.0 = Debug|Any CPU
		{B6AF9F10-EA57-4152-B2F8-8F4D3E8E9EF8}.Release|Any CPU.ActiveCfg = Release|Any CPU
		{B6AF9F10-EA57-4152-B2F8-8F4D3E8E9EF8}.Release|Any CPU.Build.0 = Release|Any CPU
		{0AE5145A-FDF0-4177-86A7-323C37BFF7F4}.Debug|Any CPU.ActiveCfg = Debug|Any CPU
		{0AE5145A-FDF0-4177-86A7-323C37BFF7F4}.Debug|Any CPU.Build.0 = Debug|Any CPU
		{0AE5145A-FDF0-4177-86A7-323C37BFF7F4}.Release|Any CPU.ActiveCfg = Release|Any CPU
		{0AE5145A-FDF0-4177-86A7-323C37BFF7F4}.Release|Any CPU.Build.0 = Release|Any CPU
	EndGlobalSection
	GlobalSection(SolutionProperties) = preSolution
		HideSolutionNode = FALSE
	EndGlobalSection
	GlobalSection(ExtensibilityGlobals) = postSolution
		SolutionGuid = {61F7FB11-1E47-470C-91E2-47F8143E1572}
	EndGlobalSection
EndGlobal
